// !$*UTF8*$!
{
	archiveVersion = 1;
	classes = {
	};
	objectVersion = 56;
	objects = {

/* Begin PBXBuildFile section */
		EB0F8CB52B46FDE7001213FB /* AppDelegate.swift in Sources */ = {isa = PBXBuildFile; fileRef = EB0F8CB42B46FDE7001213FB /* AppDelegate.swift */; };
		EB0F8CB72B46FDE7001213FB /* SceneDelegate.swift in Sources */ = {isa = PBXBuildFile; fileRef = EB0F8CB62B46FDE7001213FB /* SceneDelegate.swift */; };
		EB0F8CB92B46FDE7001213FB /* ViewController.swift in Sources */ = {isa = PBXBuildFile; fileRef = EB0F8CB82B46FDE7001213FB /* ViewController.swift */; };
		EB0F8CBC2B46FDE7001213FB /* Main.storyboard in Resources */ = {isa = PBXBuildFile; fileRef = EB0F8CBA2B46FDE7001213FB /* Main.storyboard */; };
		EB0F8CBE2B46FDE8001213FB /* Assets.xcassets in Resources */ = {isa = PBXBuildFile; fileRef = EB0F8CBD2B46FDE8001213FB /* Assets.xcassets */; };
		EB0F8CC12B46FDE8001213FB /* LaunchScreen.storyboard in Resources */ = {isa = PBXBuildFile; fileRef = EB0F8CBF2B46FDE8001213FB /* LaunchScreen.storyboard */; };
		EB0F8CCC2B46FDE8001213FB /* testingTests.swift in Sources */ = {isa = PBXBuildFile; fileRef = EB0F8CCB2B46FDE8001213FB /* testingTests.swift */; };
		EB0F8CD62B46FDE8001213FB /* testingUITests.swift in Sources */ = {isa = PBXBuildFile; fileRef = EB0F8CD52B46FDE8001213FB /* testingUITests.swift */; };
		EB0F8CD82B46FDE8001213FB /* testingUITestsLaunchTests.swift in Sources */ = {isa = PBXBuildFile; fileRef = EB0F8CD72B46FDE8001213FB /* testingUITestsLaunchTests.swift */; };
/* End PBXBuildFile section */

/* Begin PBXContainerItemProxy section */
		EB0F8CC82B46FDE8001213FB /* PBXContainerItemProxy */ = {
			isa = PBXContainerItemProxy;
			containerPortal = EB0F8CA92B46FDE7001213FB /* Project object */;
			proxyType = 1;
			remoteGlobalIDString = EB0F8CB02B46FDE7001213FB;
			remoteInfo = testing;
		};
		EB0F8CD22B46FDE8001213FB /* PBXContainerItemProxy */ = {
			isa = PBXContainerItemProxy;
			containerPortal = EB0F8CA92B46FDE7001213FB /* Project object */;
			proxyType = 1;
			remoteGlobalIDString = EB0F8CB02B46FDE7001213FB;
			remoteInfo = testing;
		};
/* End PBXContainerItemProxy section */

/* Begin PBXFileReference section */
		EB0F8CB12B46FDE7001213FB /* testing.app */ = {isa = PBXFileReference; explicitFileType = wrapper.application; includeInIndex = 0; path = testing.app; sourceTree = BUILT_PRODUCTS_DIR; };
		EB0F8CB42B46FDE7001213FB /* AppDelegate.swift */ = {isa = PBXFileReference; lastKnownFileType = sourcecode.swift; path = AppDelegate.swift; sourceTree = "<group>"; };
		EB0F8CB62B46FDE7001213FB /* SceneDelegate.swift */ = {isa = PBXFileReference; lastKnownFileType = sourcecode.swift; path = SceneDelegate.swift; sourceTree = "<group>"; };
		EB0F8CB82B46FDE7001213FB /* ViewController.swift */ = {isa = PBXFileReference; lastKnownFileType = sourcecode.swift; path = ViewController.swift; sourceTree = "<group>"; };
		EB0F8CBB2B46FDE7001213FB /* Base */ = {isa = PBXFileReference; lastKnownFileType = file.storyboard; name = Base; path = Base.lproj/Main.storyboard; sourceTree = "<group>"; };
		EB0F8CBD2B46FDE8001213FB /* Assets.xcassets */ = {isa = PBXFileReference; lastKnownFileType = folder.assetcatalog; path = Assets.xcassets; sourceTree = "<group>"; };
		EB0F8CC02B46FDE8001213FB /* Base */ = {isa = PBXFileReference; lastKnownFileType = file.storyboard; name = Base; path = Base.lproj/LaunchScreen.storyboard; sourceTree = "<group>"; };
		EB0F8CC22B46FDE8001213FB /* Info.plist */ = {isa = PBXFileReference; lastKnownFileType = text.plist.xml; path = Info.plist; sourceTree = "<group>"; };
		EB0F8CC72B46FDE8001213FB /* testingTests.xctest */ = {isa = PBXFileReference; explicitFileType = wrapper.cfbundle; includeInIndex = 0; path = testingTests.xctest; sourceTree = BUILT_PRODUCTS_DIR; };
		EB0F8CCB2B46FDE8001213FB /* testingTests.swift */ = {isa = PBXFileReference; lastKnownFileType = sourcecode.swift; path = testingTests.swift; sourceTree = "<group>"; };
		EB0F8CD12B46FDE8001213FB /* testingUITests.xctest */ = {isa = PBXFileReference; explicitFileType = wrapper.cfbundle; includeInIndex = 0; path = testingUITests.xctest; sourceTree = BUILT_PRODUCTS_DIR; };
		EB0F8CD52B46FDE8001213FB /* testingUITests.swift */ = {isa = PBXFileReference; lastKnownFileType = sourcecode.swift; path = testingUITests.swift; sourceTree = "<group>"; };
		EB0F8CD72B46FDE8001213FB /* testingUITestsLaunchTests.swift */ = {isa = PBXFileReference; lastKnownFileType = sourcecode.swift; path = testingUITestsLaunchTests.swift; sourceTree = "<group>"; };
/* End PBXFileReference section */

/* Begin PBXFrameworksBuildPhase section */
		EB0F8CAE2B46FDE7001213FB /* Frameworks */ = {
			isa = PBXFrameworksBuildPhase;
			buildActionMask = 2147483647;
			files = (
			);
			runOnlyForDeploymentPostprocessing = 0;
		};
		EB0F8CC42B46FDE8001213FB /* Frameworks */ = {
			isa = PBXFrameworksBuildPhase;
			buildActionMask = 2147483647;
			files = (
			);
			runOnlyForDeploymentPostprocessing = 0;
		};
		EB0F8CCE2B46FDE8001213FB /* Frameworks */ = {
			isa = PBXFrameworksBuildPhase;
			buildActionMask = 2147483647;
			files = (
			);
			runOnlyForDeploymentPostprocessing = 0;
		};
/* End PBXFrameworksBuildPhase section */

/* Begin PBXGroup section */
		EB0F8CA82B46FDE7001213FB = {
			isa = PBXGroup;
			children = (
				EB0F8CB32B46FDE7001213FB /* testing */,
				EB0F8CCA2B46FDE8001213FB /* testingTests */,
				EB0F8CD42B46FDE8001213FB /* testingUITests */,
				EB0F8CB22B46FDE7001213FB /* Products */,
			);
			sourceTree = "<group>";
		};
		EB0F8CB22B46FDE7001213FB /* Products */ = {
			isa = PBXGroup;
			children = (
				EB0F8CB12B46FDE7001213FB /* testing.app */,
				EB0F8CC72B46FDE8001213FB /* testingTests.xctest */,
				EB0F8CD12B46FDE8001213FB /* testingUITests.xctest */,
			);
			name = Products;
			sourceTree = "<group>";
		};
		EB0F8CB32B46FDE7001213FB /* testing */ = {
			isa = PBXGroup;
			children = (
				EB0F8CB42B46FDE7001213FB /* AppDelegate.swift */,
				EB0F8CB62B46FDE7001213FB /* SceneDelegate.swift */,
				EB0F8CB82B46FDE7001213FB /* ViewController.swift */,
				EB0F8CBA2B46FDE7001213FB /* Main.storyboard */,
				EB0F8CBD2B46FDE8001213FB /* Assets.xcassets */,
				EB0F8CBF2B46FDE8001213FB /* LaunchScreen.storyboard */,
				EB0F8CC22B46FDE8001213FB /* Info.plist */,
			);
			path = testing;
			sourceTree = "<group>";
		};
		EB0F8CCA2B46FDE8001213FB /* testingTests */ = {
			isa = PBXGroup;
			children = (
				EB0F8CCB2B46FDE8001213FB /* testingTests.swift */,
			);
			path = testingTests;
			sourceTree = "<group>";
		};
		EB0F8CD42B46FDE8001213FB /* testingUITests */ = {
			isa = PBXGroup;
			children = (
				EB0F8CD52B46FDE8001213FB /* testingUITests.swift */,
				EB0F8CD72B46FDE8001213FB /* testingUITestsLaunchTests.swift */,
			);
			path = testingUITests;
			sourceTree = "<group>";
		};
/* End PBXGroup section */

/* Begin PBXNativeTarget section */
		EB0F8CB02B46FDE7001213FB /* testing */ = {
			isa = PBXNativeTarget;
			buildConfigurationList = EB0F8CDB2B46FDE8001213FB /* Build configuration list for PBXNativeTarget "testing" */;
			buildPhases = (
				EB0F8CAD2B46FDE7001213FB /* Sources */,
				EB0F8CAE2B46FDE7001213FB /* Frameworks */,
				EB0F8CAF2B46FDE7001213FB /* Resources */,
			);
			buildRules = (
			);
			dependencies = (
			);
			name = testing;
			productName = testing;
			productReference = EB0F8CB12B46FDE7001213FB /* testing.app */;
			productType = "com.apple.product-type.application";
		};
		EB0F8CC62B46FDE8001213FB /* testingTests */ = {
			isa = PBXNativeTarget;
			buildConfigurationList = EB0F8CDE2B46FDE8001213FB /* Build configuration list for PBXNativeTarget "testingTests" */;
			buildPhases = (
				EB0F8CC32B46FDE8001213FB /* Sources */,
				EB0F8CC42B46FDE8001213FB /* Frameworks */,
				EB0F8CC52B46FDE8001213FB /* Resources */,
			);
			buildRules = (
			);
			dependencies = (
				EB0F8CC92B46FDE8001213FB /* PBXTargetDependency */,
			);
			name = testingTests;
			productName = testingTests;
			productReference = EB0F8CC72B46FDE8001213FB /* testingTests.xctest */;
			productType = "com.apple.product-type.bundle.unit-test";
		};
		EB0F8CD02B46FDE8001213FB /* testingUITests */ = {
			isa = PBXNativeTarget;
			buildConfigurationList = EB0F8CE12B46FDE8001213FB /* Build configuration list for PBXNativeTarget "testingUITests" */;
			buildPhases = (
				EB0F8CCD2B46FDE8001213FB /* Sources */,
				EB0F8CCE2B46FDE8001213FB /* Frameworks */,
				EB0F8CCF2B46FDE8001213FB /* Resources */,
			);
			buildRules = (
			);
			dependencies = (
				EB0F8CD32B46FDE8001213FB /* PBXTargetDependency */,
			);
			name = testingUITests;
			productName = testingUITests;
			productReference = EB0F8CD12B46FDE8001213FB /* testingUITests.xctest */;
			productType = "com.apple.product-type.bundle.ui-testing";
		};
/* End PBXNativeTarget section */

/* Begin PBXProject section */
		EB0F8CA92B46FDE7001213FB /* Project object */ = {
			isa = PBXProject;
			attributes = {
				BuildIndependentTargetsInParallel = 1;
				LastSwiftUpdateCheck = 1510;
				LastUpgradeCheck = 1510;
				TargetAttributes = {
					EB0F8CB02B46FDE7001213FB = {
						CreatedOnToolsVersion = 15.1;
					};
					EB0F8CC62B46FDE8001213FB = {
						CreatedOnToolsVersion = 15.1;
						TestTargetID = EB0F8CB02B46FDE7001213FB;
					};
					EB0F8CD02B46FDE8001213FB = {
						CreatedOnToolsVersion = 15.1;
						TestTargetID = EB0F8CB02B46FDE7001213FB;
					};
				};
			};
			buildConfigurationList = EB0F8CAC2B46FDE7001213FB /* Build configuration list for PBXProject "testing" */;
			compatibilityVersion = "Xcode 14.0";
			developmentRegion = en;
			hasScannedForEncodings = 0;
			knownRegions = (
				en,
				Base,
			);
			mainGroup = EB0F8CA82B46FDE7001213FB;
			productRefGroup = EB0F8CB22B46FDE7001213FB /* Products */;
			projectDirPath = "";
			projectRoot = "";
			targets = (
				EB0F8CB02B46FDE7001213FB /* testing */,
				EB0F8CC62B46FDE8001213FB /* testingTests */,
				EB0F8CD02B46FDE8001213FB /* testingUITests */,
			);
		};
/* End PBXProject section */

/* Begin PBXResourcesBuildPhase section */
		EB0F8CAF2B46FDE7001213FB /* Resources */ = {
			isa = PBXResourcesBuildPhase;
			buildActionMask = 2147483647;
			files = (
				EB0F8CC12B46FDE8001213FB /* LaunchScreen.storyboard in Resources */,
				EB0F8CBE2B46FDE8001213FB /* Assets.xcassets in Resources */,
				EB0F8CBC2B46FDE7001213FB /* Main.storyboard in Resources */,
			);
			runOnlyForDeploymentPostprocessing = 0;
		};
		EB0F8CC52B46FDE8001213FB /* Resources */ = {
			isa = PBXResourcesBuildPhase;
			buildActionMask = 2147483647;
			files = (
			);
			runOnlyForDeploymentPostprocessing = 0;
		};
		EB0F8CCF2B46FDE8001213FB /* Resources */ = {
			isa = PBXResourcesBuildPhase;
			buildActionMask = 2147483647;
			files = (
			);
			runOnlyForDeploymentPostprocessing = 0;
		};
/* End PBXResourcesBuildPhase section */

/* Begin PBXSourcesBuildPhase section */
		EB0F8CAD2B46FDE7001213FB /* Sources */ = {
			isa = PBXSourcesBuildPhase;
			buildActionMask = 2147483647;
			files = (
				EB0F8CB92B46FDE7001213FB /* ViewController.swift in Sources */,
				EB0F8CB52B46FDE7001213FB /* AppDelegate.swift in Sources */,
				EB0F8CB72B46FDE7001213FB /* SceneDelegate.swift in Sources */,
			);
			runOnlyForDeploymentPostprocessing = 0;
		};
		EB0F8CC32B46FDE8001213FB /* Sources */ = {
			isa = PBXSourcesBuildPhase;
			buildActionMask = 2147483647;
			files = (
				EB0F8CCC2B46FDE8001213FB /* testingTests.swift in Sources */,
			);
			runOnlyForDeploymentPostprocessing = 0;
		};
		EB0F8CCD2B46FDE8001213FB /* Sources */ = {
			isa = PBXSourcesBuildPhase;
			buildActionMask = 2147483647;
			files = (
				EB0F8CD62B46FDE8001213FB /* testingUITests.swift in Sources */,
				EB0F8CD82B46FDE8001213FB /* testingUITestsLaunchTests.swift in Sources */,
			);
			runOnlyForDeploymentPostprocessing = 0;
		};
/* End PBXSourcesBuildPhase section */

/* Begin PBXTargetDependency section */
		EB0F8CC92B46FDE8001213FB /* PBXTargetDependency */ = {
			isa = PBXTargetDependency;
			target = EB0F8CB02B46FDE7001213FB /* testing */;
			targetProxy = EB0F8CC82B46FDE8001213FB /* PBXContainerItemProxy */;
		};
		EB0F8CD32B46FDE8001213FB /* PBXTargetDependency */ = {
			isa = PBXTargetDependency;
			target = EB0F8CB02B46FDE7001213FB /* testing */;
			targetProxy = EB0F8CD22B46FDE8001213FB /* PBXContainerItemProxy */;
		};
/* End PBXTargetDependency section */

/* Begin PBXVariantGroup section */
		EB0F8CBA2B46FDE7001213FB /* Main.storyboard */ = {
			isa = PBXVariantGroup;
			children = (
				EB0F8CBB2B46FDE7001213FB /* Base */,
			);
			name = Main.storyboard;
			sourceTree = "<group>";
		};
		EB0F8CBF2B46FDE8001213FB /* LaunchScreen.storyboard */ = {
			isa = PBXVariantGroup;
			children = (
				EB0F8CC02B46FDE8001213FB /* Base */,
			);
			name = LaunchScreen.storyboard;
			sourceTree = "<group>";
		};
/* End PBXVariantGroup section */

/* Begin XCBuildConfiguration section */
		EB0F8CD92B46FDE8001213FB /* Debug */ = {
			isa = XCBuildConfiguration;
			buildSettings = {
				ALWAYS_SEARCH_USER_PATHS = NO;
				ASSETCATALOG_COMPILER_GENERATE_SWIFT_ASSET_SYMBOL_EXTENSIONS = YES;
				CLANG_ANALYZER_NONNULL = YES;
				CLANG_ANALYZER_NUMBER_OBJECT_CONVERSION = YES_AGGRESSIVE;
				CLANG_CXX_LANGUAGE_STANDARD = "gnu++20";
				CLANG_ENABLE_MODULES = YES;
				CLANG_ENABLE_OBJC_ARC = YES;
				CLANG_ENABLE_OBJC_WEAK = YES;
				CLANG_WARN_BLOCK_CAPTURE_AUTORELEASING = YES;
				CLANG_WARN_BOOL_CONVERSION = YES;
				CLANG_WARN_COMMA = YES;
				CLANG_WARN_CONSTANT_CONVERSION = YES;
				CLANG_WARN_DEPRECATED_OBJC_IMPLEMENTATIONS = YES;
				CLANG_WARN_DIRECT_OBJC_ISA_USAGE = YES_ERROR;
				CLANG_WARN_DOCUMENTATION_COMMENTS = YES;
				CLANG_WARN_EMPTY_BODY = YES;
				CLANG_WARN_ENUM_CONVERSION = YES;
				CLANG_WARN_INFINITE_RECURSION = YES;
				CLANG_WARN_INT_CONVERSION = YES;
				CLANG_WARN_NON_LITERAL_NULL_CONVERSION = YES;
				CLANG_WARN_OBJC_IMPLICIT_RETAIN_SELF = YES;
				CLANG_WARN_OBJC_LITERAL_CONVERSION = YES;
				CLANG_WARN_OBJC_ROOT_CLASS = YES_ERROR;
				CLANG_WARN_QUOTED_INCLUDE_IN_FRAMEWORK_HEADER = YES;
				CLANG_WARN_RANGE_LOOP_ANALYSIS = YES;
				CLANG_WARN_STRICT_PROTOTYPES = YES;
				CLANG_WARN_SUSPICIOUS_MOVE = YES;
				CLANG_WARN_UNGUARDED_AVAILABILITY = YES_AGGRESSIVE;
				CLANG_WARN_UNREACHABLE_CODE = YES;
				CLANG_WARN__DUPLICATE_METHOD_MATCH = YES;
				COPY_PHASE_STRIP = NO;
				DEBUG_INFORMATION_FORMAT = dwarf;
				ENABLE_STRICT_OBJC_MSGSEND = YES;
				ENABLE_TESTABILITY = YES;
				ENABLE_USER_SCRIPT_SANDBOXING = YES;
				GCC_C_LANGUAGE_STANDARD = gnu17;
				GCC_DYNAMIC_NO_PIC = NO;
				GCC_NO_COMMON_BLOCKS = YES;
				GCC_OPTIMIZATION_LEVEL = 0;
				GCC_PREPROCESSOR_DEFINITIONS = (
					"DEBUG=1",
					"$(inherited)",
				);
				GCC_WARN_64_TO_32_BIT_CONVERSION = YES;
				GCC_WARN_ABOUT_RETURN_TYPE = YES_ERROR;
				GCC_WARN_UNDECLARED_SELECTOR = YES;
				GCC_WARN_UNINITIALIZED_AUTOS = YES_AGGRESSIVE;
				GCC_WARN_UNUSED_FUNCTION = YES;
				GCC_WARN_UNUSED_VARIABLE = YES;
				IPHONEOS_DEPLOYMENT_TARGET = 17.2;
				LOCALIZATION_PREFERS_STRING_CATALOGS = YES;
				MTL_ENABLE_DEBUG_INFO = INCLUDE_SOURCE;
				MTL_FAST_MATH = YES;
				ONLY_ACTIVE_ARCH = YES;
				SDKROOT = iphoneos;
				SWIFT_ACTIVE_COMPILATION_CONDITIONS = "DEBUG $(inherited)";
				SWIFT_OPTIMIZATION_LEVEL = "-Onone";
			};
			name = Debug;
		};
		EB0F8CDA2B46FDE8001213FB /* Release */ = {
			isa = XCBuildConfiguration;
			buildSettings = {
				ALWAYS_SEARCH_USER_PATHS = NO;
				ASSETCATALOG_COMPILER_GENERATE_SWIFT_ASSET_SYMBOL_EXTENSIONS = YES;
				CLANG_ANALYZER_NONNULL = YES;
				CLANG_ANALYZER_NUMBER_OBJECT_CONVERSION = YES_AGGRESSIVE;
				CLANG_CXX_LANGUAGE_STANDARD = "gnu++20";
				CLANG_ENABLE_MODULES = YES;
				CLANG_ENABLE_OBJC_ARC = YES;
				CLANG_ENABLE_OBJC_WEAK = YES;
				CLANG_WARN_BLOCK_CAPTURE_AUTORELEASING = YES;
				CLANG_WARN_BOOL_CONVERSION = YES;
				CLANG_WARN_COMMA = YES;
				CLANG_WARN_CONSTANT_CONVERSION = YES;
				CLANG_WARN_DEPRECATED_OBJC_IMPLEMENTATIONS = YES;
				CLANG_WARN_DIRECT_OBJC_ISA_USAGE = YES_ERROR;
				CLANG_WARN_DOCUMENTATION_COMMENTS = YES;
				CLANG_WARN_EMPTY_BODY = YES;
				CLANG_WARN_ENUM_CONVERSION = YES;
				CLANG_WARN_INFINITE_RECURSION = YES;
				CLANG_WARN_INT_CONVERSION = YES;
				CLANG_WARN_NON_LITERAL_NULL_CONVERSION = YES;
				CLANG_WARN_OBJC_IMPLICIT_RETAIN_SELF = YES;
				CLANG_WARN_OBJC_LITERAL_CONVERSION = YES;
				CLANG_WARN_OBJC_ROOT_CLASS = YES_ERROR;
				CLANG_WARN_QUOTED_INCLUDE_IN_FRAMEWORK_HEADER = YES;
				CLANG_WARN_RANGE_LOOP_ANALYSIS = YES;
				CLANG_WARN_STRICT_PROTOTYPES = YES;
				CLANG_WARN_SUSPICIOUS_MOVE = YES;
				CLANG_WARN_UNGUARDED_AVAILABILITY = YES_AGGRESSIVE;
				CLANG_WARN_UNREACHABLE_CODE = YES;
				CLANG_WARN__DUPLICATE_METHOD_MATCH = YES;
				COPY_PHASE_STRIP = NO;
				DEBUG_INFORMATION_FORMAT = "dwarf-with-dsym";
				ENABLE_NS_ASSERTIONS = NO;
				ENABLE_STRICT_OBJC_MSGSEND = YES;
				ENABLE_USER_SCRIPT_SANDBOXING = YES;
				GCC_C_LANGUAGE_STANDARD = gnu17;
				GCC_NO_COMMON_BLOCKS = YES;
				GCC_WARN_64_TO_32_BIT_CONVERSION = YES;
				GCC_WARN_ABOUT_RETURN_TYPE = YES_ERROR;
				GCC_WARN_UNDECLARED_SELECTOR = YES;
				GCC_WARN_UNINITIALIZED_AUTOS = YES_AGGRESSIVE;
				GCC_WARN_UNUSED_FUNCTION = YES;
				GCC_WARN_UNUSED_VARIABLE = YES;
				IPHONEOS_DEPLOYMENT_TARGET = 17.2;
				LOCALIZATION_PREFERS_STRING_CATALOGS = YES;
				MTL_ENABLE_DEBUG_INFO = NO;
				MTL_FAST_MATH = YES;
				SDKROOT = iphoneos;
				SWIFT_COMPILATION_MODE = wholemodule;
				VALIDATE_PRODUCT = YES;
			};
			name = Release;
		};
		EB0F8CDC2B46FDE8001213FB /* Debug */ = {
			isa = XCBuildConfiguration;
			buildSettings = {
				ASSETCATALOG_COMPILER_APPICON_NAME = AppIcon;
				ASSETCATALOG_COMPILER_GLOBAL_ACCENT_COLOR_NAME = AccentColor;
				CODE_SIGN_STYLE = Automatic;
				CURRENT_PROJECT_VERSION = 1;
				DEVELOPMENT_TEAM = 7NJ9W73ML8;
				GENERATE_INFOPLIST_FILE = YES;
				INFOPLIST_FILE = testing/Info.plist;
				INFOPLIST_KEY_UIApplicationSupportsIndirectInputEvents = YES;
				INFOPLIST_KEY_UILaunchStoryboardName = LaunchScreen;
				INFOPLIST_KEY_UIMainStoryboardFile = Main;
				INFOPLIST_KEY_UISupportedInterfaceOrientations_iPad = "UIInterfaceOrientationPortrait UIInterfaceOrientationPortraitUpsideDown UIInterfaceOrientationLandscapeLeft UIInterfaceOrientationLandscapeRight";
				INFOPLIST_KEY_UISupportedInterfaceOrientations_iPhone = "UIInterfaceOrientationPortrait UIInterfaceOrientationLandscapeLeft UIInterfaceOrientationLandscapeRight";
				LD_RUNPATH_SEARCH_PATHS = (
					"$(inherited)",
					"@executable_path/Frameworks",
				);
				MARKETING_VERSION = 1.0;
				PRODUCT_BUNDLE_IDENTIFIER = dawei.testing;
				PRODUCT_NAME = "$(TARGET_NAME)";
				SWIFT_EMIT_LOC_STRINGS = YES;
				SWIFT_VERSION = 5.0;
				TARGETED_DEVICE_FAMILY = "1,2";
			};
			name = Debug;
		};
		EB0F8CDD2B46FDE8001213FB /* Release */ = {
			isa = XCBuildConfiguration;
			buildSettings = {
				ASSETCATALOG_COMPILER_APPICON_NAME = AppIcon;
				ASSETCATALOG_COMPILER_GLOBAL_ACCENT_COLOR_NAME = AccentColor;
				CODE_SIGN_STYLE = Automatic;
				CURRENT_PROJECT_VERSION = 1;
				DEVELOPMENT_TEAM = 7NJ9W73ML8;
				GENERATE_INFOPLIST_FILE = YES;
				INFOPLIST_FILE = testing/Info.plist;
				INFOPLIST_KEY_UIApplicationSupportsIndirectInputEvents = YES;
				INFOPLIST_KEY_UILaunchStoryboardName = LaunchScreen;
				INFOPLIST_KEY_UIMainStoryboardFile = Main;
				INFOPLIST_KEY_UISupportedInterfaceOrientations_iPad = "UIInterfaceOrientationPortrait UIInterfaceOrientationPortraitUpsideDown UIInterfaceOrientationLandscapeLeft UIInterfaceOrientationLandscapeRight";
				INFOPLIST_KEY_UISupportedInterfaceOrientations_iPhone = "UIInterfaceOrientationPortrait UIInterfaceOrientationLandscapeLeft UIInterfaceOrientationLandscapeRight";
				LD_RUNPATH_SEARCH_PATHS = (
					"$(inherited)",
					"@executable_path/Frameworks",
				);
				MARKETING_VERSION = 1.0;
				PRODUCT_BUNDLE_IDENTIFIER = dawei.testing;
				PRODUCT_NAME = "$(TARGET_NAME)";
				SWIFT_EMIT_LOC_STRINGS = YES;
				SWIFT_VERSION = 5.0;
				TARGETED_DEVICE_FAMILY = "1,2";
			};
			name = Release;
		};
		EB0F8CDF2B46FDE8001213FB /* Debug */ = {
			isa = XCBuildConfiguration;
			buildSettings = {
				ALWAYS_EMBED_SWIFT_STANDARD_LIBRARIES = YES;
				BUNDLE_LOADER = "$(TEST_HOST)";
				CODE_SIGN_STYLE = Automatic;
				CURRENT_PROJECT_VERSION = 1;
				DEVELOPMENT_TEAM = 7NJ9W73ML8;
				GENERATE_INFOPLIST_FILE = YES;
				IPHONEOS_DEPLOYMENT_TARGET = 17.2;
				MARKETING_VERSION = 1.0;
				PRODUCT_BUNDLE_IDENTIFIER = dawei.testingTests;
				PRODUCT_NAME = "$(TARGET_NAME)";
				SWIFT_EMIT_LOC_STRINGS = NO;
				SWIFT_VERSION = 5.0;
				TARGETED_DEVICE_FAMILY = "1,2";
				TEST_HOST = "$(BUILT_PRODUCTS_DIR)/testing.app/$(BUNDLE_EXECUTABLE_FOLDER_PATH)/testing";
			};
			name = Debug;
		};
		EB0F8CE02B46FDE8001213FB /* Release */ = {
			isa = XCBuildConfiguration;
			buildSettings = {
				ALWAYS_EMBED_SWIFT_STANDARD_LIBRARIES = YES;
				BUNDLE_LOADER = "$(TEST_HOST)";
				CODE_SIGN_STYLE = Automatic;
				CURRENT_PROJECT_VERSION = 1;
				DEVELOPMENT_TEAM = 7NJ9W73ML8;
				GENERATE_INFOPLIST_FILE = YES;
				IPHONEOS_DEPLOYMENT_TARGET = 17.2;
				MARKETING_VERSION = 1.0;
				PRODUCT_BUNDLE_IDENTIFIER = dawei.testingTests;
				PRODUCT_NAME = "$(TARGET_NAME)";
				SWIFT_EMIT_LOC_STRINGS = NO;
				SWIFT_VERSION = 5.0;
				TARGETED_DEVICE_FAMILY = "1,2";
				TEST_HOST = "$(BUILT_PRODUCTS_DIR)/testing.app/$(BUNDLE_EXECUTABLE_FOLDER_PATH)/testing";
			};
			name = Release;
		};
		EB0F8CE22B46FDE8001213FB /* Debug */ = {
			isa = XCBuildConfiguration;
			buildSettings = {
				ALWAYS_EMBED_SWIFT_STANDARD_LIBRARIES = YES;
				CODE_SIGN_STYLE = Automatic;
				CURRENT_PROJECT_VERSION = 1;
				DEVELOPMENT_TEAM = 7NJ9W73ML8;
				GENERATE_INFOPLIST_FILE = YES;
				MARKETING_VERSION = 1.0;
				PRODUCT_BUNDLE_IDENTIFIER = dawei.testingUITests;
				PRODUCT_NAME = "$(TARGET_NAME)";
				SWIFT_EMIT_LOC_STRINGS = NO;
				SWIFT_VERSION = 5.0;
				TARGETED_DEVICE_FAMILY = "1,2";
				TEST_TARGET_NAME = testing;
			};
			name = Debug;
		};
		EB0F8CE32B46FDE8001213FB /* Release */ = {
			isa = XCBuildConfiguration;
			buildSettings = {
				ALWAYS_EMBED_SWIFT_STANDARD_LIBRARIES = YES;
				CODE_SIGN_STYLE = Automatic;
				CURRENT_PROJECT_VERSION = 1;
				DEVELOPMENT_TEAM = 7NJ9W73ML8;
				GENERATE_INFOPLIST_FILE = YES;
				MARKETING_VERSION = 1.0;
				PRODUCT_BUNDLE_IDENTIFIER = dawei.testingUITests;
				PRODUCT_NAME = "$(TARGET_NAME)";
				SWIFT_EMIT_LOC_STRINGS = NO;
				SWIFT_VERSION = 5.0;
				TARGETED_DEVICE_FAMILY = "1,2";
				TEST_TARGET_NAME = testing;
			};
			name = Release;
		};
/* End XCBuildConfiguration section */

/* Begin XCConfigurationList section */
		EB0F8CAC2B46FDE7001213FB /* Build configuration list for PBXProject "testing" */ = {
			isa = XCConfigurationList;
			buildConfigurations = (
				EB0F8CD92B46FDE8001213FB /* Debug */,
				EB0F8CDA2B46FDE8001213FB /* Release */,
			);
			defaultConfigurationIsVisible = 0;
			defaultConfigurationName = Release;
		};
		EB0F8CDB2B46FDE8001213FB /* Build configuration list for PBXNativeTarget "testing" */ = {
			isa = XCConfigurationList;
			buildConfigurations = (
				EB0F8CDC2B46FDE8001213FB /* Debug */,
				EB0F8CDD2B46FDE8001213FB /* Release */,
			);
			defaultConfigurationIsVisible = 0;
			defaultConfigurationName = Release;
		};
		EB0F8CDE2B46FDE8001213FB /* Build configuration list for PBXNativeTarget "testingTests" */ = {
			isa = XCConfigurationList;
			buildConfigurations = (
				EB0F8CDF2B46FDE8001213FB /* Debug */,
				EB0F8CE02B46FDE8001213FB /* Release */,
			);
			defaultConfigurationIsVisible = 0;
			defaultConfigurationName = Release;
		};
		EB0F8CE12B46FDE8001213FB /* Build configuration list for PBXNativeTarget "testingUITests" */ = {
			isa = XCConfigurationList;
			buildConfigurations = (
				EB0F8CE22B46FDE8001213FB /* Debug */,
				EB0F8CE32B46FDE8001213FB /* Release */,
			);
			defaultConfigurationIsVisible = 0;
			defaultConfigurationName = Release;
		};
/* End XCConfigurationList section */
	};
	rootObject = EB0F8CA92B46FDE7001213FB /* Project object */;
}
